
Microsoft Visual Studio Solution File, Format Version 12.00
# Visual Studio Version 16
VisualStudioVersion = 16.0.34407.143
MinimumVisualStudioVersion = 10.0.40219.1
Project("{FAE04EC0-301F-11D3-BF4B-00C04F79EFBC}") = "FRMTransportePassageiros", "FRMTransportePassageiros\FRMTransportePassageiros.csproj", "{2DCDA8A9-1576-4965-A5DB-94AE7F404EB9}"
EndProject
Global
	GlobalSection(SolutionConfigurationPlatforms) = preSolution
		Debug|Any CPU = Debug|Any CPU
		Release|Any CPU = Release|Any CPU
	EndGlobalSection
	GlobalSection(ProjectConfigurationPlatforms) = postSolution
		{2DCDA8A9-1576-4965-A5DB-94AE7F404EB9}.Debug|Any CPU.ActiveCfg = Debug|Any CPU
		{2DCDA8A9-1576-4965-A5DB-94AE7F404EB9}.Debug|Any CPU.Build.0 = Debug|Any CPU
		{2DCDA8A9-1576-4965-A5DB-94AE7F404EB9}.Release|Any CPU.ActiveCfg = Release|Any CPU
		{2DCDA8A9-1576-4965-A5DB-94AE7F404EB9}.Release|Any CPU.Build.0 = Release|Any CPU
	EndGlobalSection
	GlobalSection(SolutionProperties) = preSolution
		HideSolutionNode = FALSE
	EndGlobalSection
	GlobalSection(ExtensibilityGlobals) = postSolution
		SolutionGuid = {C69E9586-ED49-4F03-8990-023A89CC3785}
	EndGlobalSection
EndGlobal
